
Microsoft Visual Studio Solution File, Format Version 12.00
# Visual Studio Version 17
VisualStudioVersion = 17.0.32112.339
MinimumVisualStudioVersion = 10.0.40219.1
Project("{FAE04EC0-301F-11D3-BF4B-00C04F79EFBC}") = "ConsoleOOPApp", "ConsoleOOPApp.csproj", "{CE46FFF4-6F9C-4431-B34B-B1FE2DF028CB}"
EndProject
Global
	GlobalSection(SolutionConfigurationPlatforms) = preSolution
		Debug|Any CPU = Debug|Any CPU
		Release|Any CPU = Release|Any CPU
	EndGlobalSection
	GlobalSection(ProjectConfigurationPlatforms) = postSolution
		{CE46FFF4-6F9C-4431-B34B-B1FE2DF028CB}.Debug|Any CPU.ActiveCfg = Debug|Any CPU
		{CE46FFF4-6F9C-4431-B34B-B1FE2DF028CB}.Debug|Any CPU.Build.0 = Debug|Any CPU
		{CE46FFF4-6F9C-4431-B34B-B1FE2DF028CB}.Release|Any CPU.ActiveCfg = Release|Any CPU
		{CE46FFF4-6F9C-4431-B34B-B1FE2DF028CB}.Release|Any CPU.Build.0 = Release|Any CPU
	EndGlobalSection
	GlobalSection(SolutionProperties) = preSolution
		HideSolutionNode = FALSE
	EndGlobalSection
	GlobalSection(ExtensibilityGlobals) = postSolution
		SolutionGuid = {F7D2931C-6B55-4DD4-82FD-E2A545611D75}
	EndGlobalSection
EndGlobal
