
Microsoft Visual Studio Solution File, Format Version 12.00
# Visual Studio Version 17
VisualStudioVersion = 17.0.32112.339
MinimumVisualStudioVersion = 10.0.40219.1
Project("{FAE04EC0-301F-11D3-BF4B-00C04F79EFBC}") = "fleManagementApp", "fleManagementApp.csproj", "{3BEE94B1-76D1-413A-85E9-803C3061EE63}"
EndProject
Global
	GlobalSection(SolutionConfigurationPlatforms) = preSolution
		Debug|Any CPU = Debug|Any CPU
		Release|Any CPU = Release|Any CPU
	EndGlobalSection
	GlobalSection(ProjectConfigurationPlatforms) = postSolution
		{3BEE94B1-76D1-413A-85E9-803C3061EE63}.Debug|Any CPU.ActiveCfg = Debug|Any CPU
		{3BEE94B1-76D1-413A-85E9-803C3061EE63}.Debug|Any CPU.Build.0 = Debug|Any CPU
		{3BEE94B1-76D1-413A-85E9-803C3061EE63}.Release|Any CPU.ActiveCfg = Release|Any CPU
		{3BEE94B1-76D1-413A-85E9-803C3061EE63}.Release|Any CPU.Build.0 = Release|Any CPU
	EndGlobalSection
	GlobalSection(SolutionProperties) = preSolution
		HideSolutionNode = FALSE
	EndGlobalSection
	GlobalSection(ExtensibilityGlobals) = postSolution
		SolutionGuid = {2D81DCBF-D4D8-4F80-8AE8-7471AEFA51D1}
	EndGlobalSection
EndGlobal
