
Microsoft Visual Studio Solution File, Format Version 12.00
# Visual Studio Version 17
VisualStudioVersion = 17.0.32112.339
MinimumVisualStudioVersion = 10.0.40219.1
Project("{FAE04EC0-301F-11D3-BF4B-00C04F79EFBC}") = "ConsoleAppCollections", "ConsoleAppCollections.csproj", "{B40B9954-6C46-497F-90F9-9E648AC6FBE5}"
EndProject
Global
	GlobalSection(SolutionConfigurationPlatforms) = preSolution
		Debug|Any CPU = Debug|Any CPU
		Release|Any CPU = Release|Any CPU
	EndGlobalSection
	GlobalSection(ProjectConfigurationPlatforms) = postSolution
		{B40B9954-6C46-497F-90F9-9E648AC6FBE5}.Debug|Any CPU.ActiveCfg = Debug|Any CPU
		{B40B9954-6C46-497F-90F9-9E648AC6FBE5}.Debug|Any CPU.Build.0 = Debug|Any CPU
		{B40B9954-6C46-497F-90F9-9E648AC6FBE5}.Release|Any CPU.ActiveCfg = Release|Any CPU
		{B40B9954-6C46-497F-90F9-9E648AC6FBE5}.Release|Any CPU.Build.0 = Release|Any CPU
	EndGlobalSection
	GlobalSection(SolutionProperties) = preSolution
		HideSolutionNode = FALSE
	EndGlobalSection
	GlobalSection(ExtensibilityGlobals) = postSolution
		SolutionGuid = {40D54019-150F-4A36-960F-257DFB08C2BA}
	EndGlobalSection
EndGlobal
