
Microsoft Visual Studio Solution File, Format Version 12.00
# Visual Studio Version 17
VisualStudioVersion = 17.0.32112.339
MinimumVisualStudioVersion = 10.0.40219.1
Project("{FAE04EC0-301F-11D3-BF4B-00C04F79EFBC}") = "mvcWebApp1", "mvcWebApp1.csproj", "{E1B25B7E-6030-4DBA-A5C1-E228B101E383}"
EndProject
Global
	GlobalSection(SolutionConfigurationPlatforms) = preSolution
		Debug|Any CPU = Debug|Any CPU
		Release|Any CPU = Release|Any CPU
	EndGlobalSection
	GlobalSection(ProjectConfigurationPlatforms) = postSolution
		{E1B25B7E-6030-4DBA-A5C1-E228B101E383}.Debug|Any CPU.ActiveCfg = Debug|Any CPU
		{E1B25B7E-6030-4DBA-A5C1-E228B101E383}.Debug|Any CPU.Build.0 = Debug|Any CPU
		{E1B25B7E-6030-4DBA-A5C1-E228B101E383}.Release|Any CPU.ActiveCfg = Release|Any CPU
		{E1B25B7E-6030-4DBA-A5C1-E228B101E383}.Release|Any CPU.Build.0 = Release|Any CPU
	EndGlobalSection
	GlobalSection(SolutionProperties) = preSolution
		HideSolutionNode = FALSE
	EndGlobalSection
	GlobalSection(ExtensibilityGlobals) = postSolution
		SolutionGuid = {BBF1B284-103B-4549-A361-99BB72FE3ECB}
	EndGlobalSection
EndGlobal
